
Microsoft Visual Studio Solution File, Format Version 12.00
# Visual Studio 15
VisualStudioVersion = 15.0.28307.779
MinimumVisualStudioVersion = 10.0.40219.1
Project("{FAE04EC0-301F-11D3-BF4B-00C04F79EFBC}") = "NameChanger", "NameChanger\NameChanger.csproj", "{B101DE7F-73C9-4EF4-9AA5-D2771909F0BE}"
EndProject
Global
	GlobalSection(SolutionConfigurationPlatforms) = preSolution
		Debug|Any CPU = Debug|Any CPU
		Release|Any CPU = Release|Any CPU
	EndGlobalSection
	GlobalSection(ProjectConfigurationPlatforms) = postSolution
		{B101DE7F-73C9-4EF4-9AA5-D2771909F0BE}.Debug|Any CPU.ActiveCfg = Debug|Any CPU
		{B101DE7F-73C9-4EF4-9AA5-D2771909F0BE}.Debug|Any CPU.Build.0 = Debug|Any CPU
		{B101DE7F-73C9-4EF4-9AA5-D2771909F0BE}.Release|Any CPU.ActiveCfg = Release|Any CPU
		{B101DE7F-73C9-4EF4-9AA5-D2771909F0BE}.Release|Any CPU.Build.0 = Release|Any CPU
	EndGlobalSection
	GlobalSection(SolutionProperties) = preSolution
		HideSolutionNode = FALSE
	EndGlobalSection
	GlobalSection(ExtensibilityGlobals) = postSolution
		SolutionGuid = {2FF9806C-9CA1-46BF-9ADD-DFE130FBCFDF}
	EndGlobalSection
EndGlobal
